
Microsoft Visual Studio Solution File, Format Version 12.00
# Visual Studio 14
VisualStudioVersion = 14.0.23107.0
MinimumVisualStudioVersion = 10.0.40219.1
Project("{9092AA53-FB77-4645-B42D-1CCCA6BD08BD}") = "Otimizador", "Otimizador.njsproj", "{0FC2ADF2-895C-486D-9562-88B06B541152}"
EndProject
Global
	GlobalSection(SolutionConfigurationPlatforms) = preSolution
		Debug|Any CPU = Debug|Any CPU
		Release|Any CPU = Release|Any CPU
	EndGlobalSection
	GlobalSection(ProjectConfigurationPlatforms) = postSolution
		{0FC2ADF2-895C-486D-9562-88B06B541152}.Debug|Any CPU.ActiveCfg = Debug|Any CPU
		{0FC2ADF2-895C-486D-9562-88B06B541152}.Debug|Any CPU.Build.0 = Debug|Any CPU
		{0FC2ADF2-895C-486D-9562-88B06B541152}.Release|Any CPU.ActiveCfg = Release|Any CPU
		{0FC2ADF2-895C-486D-9562-88B06B541152}.Release|Any CPU.Build.0 = Release|Any CPU
	EndGlobalSection
	GlobalSection(SolutionProperties) = preSolution
		HideSolutionNode = FALSE
	EndGlobalSection
EndGlobal
